
Microsoft Visual Studio Solution File, Format Version 12.00
# Visual Studio Version 16
VisualStudioVersion = 16.0.28803.352
MinimumVisualStudioVersion = 10.0.40219.1
Project("{FAE04EC0-301F-11D3-BF4B-00C04F79EFBC}") = "Nitter.Core", "Nitter.Core\Nitter.Core.csproj", "{73028384-34CC-42CC-B5A6-8FC468F262B1}"
EndProject
Global
	GlobalSection(SolutionConfigurationPlatforms) = preSolution
		Debug|Any CPU = Debug|Any CPU
		Release|Any CPU = Release|Any CPU
	EndGlobalSection
	GlobalSection(ProjectConfigurationPlatforms) = postSolution
		{73028384-34CC-42CC-B5A6-8FC468F262B1}.Debug|Any CPU.ActiveCfg = Debug|Any CPU
		{73028384-34CC-42CC-B5A6-8FC468F262B1}.Debug|Any CPU.Build.0 = Debug|Any CPU
		{73028384-34CC-42CC-B5A6-8FC468F262B1}.Release|Any CPU.ActiveCfg = Release|Any CPU
		{73028384-34CC-42CC-B5A6-8FC468F262B1}.Release|Any CPU.Build.0 = Release|Any CPU
	EndGlobalSection
	GlobalSection(SolutionProperties) = preSolution
		HideSolutionNode = FALSE
	EndGlobalSection
	GlobalSection(ExtensibilityGlobals) = postSolution
		SolutionGuid = {19099A9C-7BAC-4CD5-A6A9-D5B9114BD65F}
	EndGlobalSection
EndGlobal
